
Microsoft Visual Studio Solution File, Format Version 12.00
# Visual Studio Version 17
VisualStudioVersion = 17.4.33205.214
MinimumVisualStudioVersion = 10.0.40219.1
Project("{8BC9CEB8-8B4A-11D0-8D11-00A0C91BC942}") = "3.44", "3.44\3.44.vcxproj", "{9C49A815-2251-45EC-91D5-12B9FB414E25}"
EndProject
Global
	GlobalSection(SolutionConfigurationPlatforms) = preSolution
		Debug|x64 = Debug|x64
		Debug|x86 = Debug|x86
		Release|x64 = Release|x64
		Release|x86 = Release|x86
	EndGlobalSection
	GlobalSection(ProjectConfigurationPlatforms) = postSolution
		{9C49A815-2251-45EC-91D5-12B9FB414E25}.Debug|x64.ActiveCfg = Debug|x64
		{9C49A815-2251-45EC-91D5-12B9FB414E25}.Debug|x64.Build.0 = Debug|x64
		{9C49A815-2251-45EC-91D5-12B9FB414E25}.Debug|x86.ActiveCfg = Debug|Win32
		{9C49A815-2251-45EC-91D5-12B9FB414E25}.Debug|x86.Build.0 = Debug|Win32
		{9C49A815-2251-45EC-91D5-12B9FB414E25}.Release|x64.ActiveCfg = Release|x64
		{9C49A815-2251-45EC-91D5-12B9FB414E25}.Release|x64.Build.0 = Release|x64
		{9C49A815-2251-45EC-91D5-12B9FB414E25}.Release|x86.ActiveCfg = Release|Win32
		{9C49A815-2251-45EC-91D5-12B9FB414E25}.Release|x86.Build.0 = Release|Win32
	EndGlobalSection
	GlobalSection(SolutionProperties) = preSolution
		HideSolutionNode = FALSE
	EndGlobalSection
	GlobalSection(ExtensibilityGlobals) = postSolution
		SolutionGuid = {BB51AD4A-5487-42F0-9F54-A93828427E14}
	EndGlobalSection
EndGlobal
